
Microsoft Visual Studio Solution File, Format Version 12.00
Project("{FAE04EC0-301F-11D3-BF4B-00C04F79EFBC}") = "TechDrop.WebApi", "TechDrop.WebApi\TechDrop.WebApi.csproj", "{DD9E0F52-6FF7-4821-92F5-11B2ACAA365E}"
EndProject
Project("{FAE04EC0-301F-11D3-BF4B-00C04F79EFBC}") = "TechDrop.Data", "TechDrop.Data\TechDrop.Data.csproj", "{D75A46D8-ABFE-404B-ADAA-D30E9A48F294}"
EndProject
Project("{FAE04EC0-301F-11D3-BF4B-00C04F79EFBC}") = "TechDrop.Logic", "TechDrop.Logic\TechDrop.Logic.csproj", "{519764E3-D5AD-4FCB-9CE8-6278F8A478F7}"
EndProject
Global
	GlobalSection(SolutionConfigurationPlatforms) = preSolution
		Debug|Any CPU = Debug|Any CPU
		Release|Any CPU = Release|Any CPU
	EndGlobalSection
	GlobalSection(ProjectConfigurationPlatforms) = postSolution
		{DD9E0F52-6FF7-4821-92F5-11B2ACAA365E}.Debug|Any CPU.ActiveCfg = Debug|Any CPU
		{DD9E0F52-6FF7-4821-92F5-11B2ACAA365E}.Debug|Any CPU.Build.0 = Debug|Any CPU
		{DD9E0F52-6FF7-4821-92F5-11B2ACAA365E}.Release|Any CPU.ActiveCfg = Release|Any CPU
		{DD9E0F52-6FF7-4821-92F5-11B2ACAA365E}.Release|Any CPU.Build.0 = Release|Any CPU
		{D75A46D8-ABFE-404B-ADAA-D30E9A48F294}.Debug|Any CPU.ActiveCfg = Debug|Any CPU
		{D75A46D8-ABFE-404B-ADAA-D30E9A48F294}.Debug|Any CPU.Build.0 = Debug|Any CPU
		{D75A46D8-ABFE-404B-ADAA-D30E9A48F294}.Release|Any CPU.ActiveCfg = Release|Any CPU
		{D75A46D8-ABFE-404B-ADAA-D30E9A48F294}.Release|Any CPU.Build.0 = Release|Any CPU
		{519764E3-D5AD-4FCB-9CE8-6278F8A478F7}.Debug|Any CPU.ActiveCfg = Debug|Any CPU
		{519764E3-D5AD-4FCB-9CE8-6278F8A478F7}.Debug|Any CPU.Build.0 = Debug|Any CPU
		{519764E3-D5AD-4FCB-9CE8-6278F8A478F7}.Release|Any CPU.ActiveCfg = Release|Any CPU
		{519764E3-D5AD-4FCB-9CE8-6278F8A478F7}.Release|Any CPU.Build.0 = Release|Any CPU
	EndGlobalSection
EndGlobal
